
Microsoft Visual Studio Solution File, Format Version 12.00
# Visual Studio Version 17
VisualStudioVersion = 17.2.32519.379
MinimumVisualStudioVersion = 10.0.40219.1
Project("{FAE04EC0-301F-11D3-BF4B-00C04F79EFBC}") = "Test", "Test\Test.csproj", "{3597C602-EA12-49A2-9385-98EA04673471}"
EndProject
Global
	GlobalSection(SolutionConfigurationPlatforms) = preSolution
		Debug|Any CPU = Debug|Any CPU
		Release|Any CPU = Release|Any CPU
	EndGlobalSection
	GlobalSection(ProjectConfigurationPlatforms) = postSolution
		{3597C602-EA12-49A2-9385-98EA04673471}.Debug|Any CPU.ActiveCfg = Debug|Any CPU
		{3597C602-EA12-49A2-9385-98EA04673471}.Debug|Any CPU.Build.0 = Debug|Any CPU
		{3597C602-EA12-49A2-9385-98EA04673471}.Release|Any CPU.ActiveCfg = Release|Any CPU
		{3597C602-EA12-49A2-9385-98EA04673471}.Release|Any CPU.Build.0 = Release|Any CPU
	EndGlobalSection
	GlobalSection(SolutionProperties) = preSolution
		HideSolutionNode = FALSE
	EndGlobalSection
	GlobalSection(ExtensibilityGlobals) = postSolution
		SolutionGuid = {131BA73A-E52B-4D1C-9FBF-3D9C7D78BB45}
	EndGlobalSection
EndGlobal
